{
  "name": "BiliDownloaderUI1",
  "lockfileVersion": 3,
  "requires": true,
  "packages": {
    "": {
      "dependencies": {
        "@varlet/ui": "^3.2.6"
      }
    },
    "node_modules/@babel/parser": {
      "version": "7.24.4",
      "resolved": "https://registry.npmjs.org/@babel/parser/-/parser-7.24.4.tgz",
      "integrity": "sha512-zTvEBcghmeBma9QIGunWevvBAp4/Qu9Bdq+2k0Ot4fVMD6v3dsC9WOcRSKk7tRRyBM/53yKMJko9xOatGQAwSg==",
      "peer": true,
      "bin": {
        "parser": "bin/babel-parser.js"
      },
      "engines": {
        "node": ">=6.0.0"
      }
    },
    "node_modules/@jridgewell/sourcemap-codec": {
      "version": "1.4.15",
      "resolved": "https://registry.npmjs.org/@jridgewell/sourcemap-codec/-/sourcemap-codec-1.4.15.tgz",
      "integrity": "sha512-eF2rxCRulEKXHTRiDrDy6erMYWqNw4LPdQ8UQA4huuxaQsVeRPFl2oM8oDGxMFhJUWZf9McpLtJasDDZb/Bpeg==",
      "peer": true
    },
    "node_modules/@popperjs/core": {
      "version": "2.11.8",
      "resolved": "https://registry.npmjs.org/@popperjs/core/-/core-2.11.8.tgz",
      "integrity": "sha512-P1st0aksCrn9sGZhp8GMYwBnQsbvAWsZAX44oXNNvLHGqAOcoVxmjZiohstwQ7SqKnbR47akdNi+uleWD8+g6A==",
      "funding": {
        "type": "opencollective",
        "url": "https://opencollective.com/popperjs"
      }
    },
    "node_modules/@varlet/icons": {
      "version": "3.2.6",
      "resolved": "https://registry.npmjs.org/@varlet/icons/-/icons-3.2.6.tgz",
      "integrity": "sha512-704qo8x5jkbSqJMcspeai9grumEJ4Ri0WfSnfNJyNZ+8bEtNW7wZd/pppG8abJk9zxqBPHsFhcWEBGKbWSZ5DQ=="
    },
    "node_modules/@varlet/shared": {
      "version": "3.2.6",
      "resolved": "https://registry.npmjs.org/@varlet/shared/-/shared-3.2.6.tgz",
      "integrity": "sha512-P4QL6Ys4cgih0yvcTAjpLc/QiVWSWPN9FPDUfxqPfEP0PtBbI6SUEClOFbLGXDzewCfsUkA+U2qXcKxcuknllA=="
    },
    "node_modules/@varlet/ui": {
      "version": "3.2.6",
      "resolved": "https://registry.npmjs.org/@varlet/ui/-/ui-3.2.6.tgz",
      "integrity": "sha512-o8gvbWXY3T133S8gakqRL7lmsulUKJcJOVtTNFbO6bgA/Ch7Z4SuDXyVDdpMIEdEw/AzRpqVepfXfciGfzPO3g==",
      "dependencies": {
        "@popperjs/core": "^2.11.6",
        "@varlet/icons": "3.2.6",
        "@varlet/shared": "3.2.6",
        "@varlet/use": "3.2.6",
        "dayjs": "^1.10.4",
        "decimal.js": "^10.2.1"
      },
      "peerDependencies": {
        "vue": "^3.2.0"
      }
    },
    "node_modules/@varlet/use": {
      "version": "3.2.6",
      "resolved": "https://registry.npmjs.org/@varlet/use/-/use-3.2.6.tgz",
      "integrity": "sha512-mDX3gVmK3v0C4Lukjw9vko90gb8TzFbYRpSrftu9McwuZfvo06+CLixIgNBjp/tOfCUHJP8xfYKQmk7/VIvarw==",
      "dependencies": {
        "@varlet/shared": "3.2.6"
      },
      "peerDependencies": {
        "vue": "^3.2.0"
      }
    },
    "node_modules/@vue/compiler-core": {
      "version": "3.4.26",
      "resolved": "https://registry.npmjs.org/@vue/compiler-core/-/compiler-core-3.4.26.tgz",
      "integrity": "sha512-N9Vil6Hvw7NaiyFUFBPXrAyETIGlQ8KcFMkyk6hW1Cl6NvoqvP+Y8p1Eqvx+UdqsnrnI9+HMUEJegzia3mhXmQ==",
      "peer": true,
      "dependencies": {
        "@babel/parser": "^7.24.4",
        "@vue/shared": "3.4.26",
        "entities": "^4.5.0",
        "estree-walker": "^2.0.2",
        "source-map-js": "^1.2.0"
      }
    },
    "node_modules/@vue/compiler-dom": {
      "version": "3.4.26",
      "resolved": "https://registry.npmjs.org/@vue/compiler-dom/-/compiler-dom-3.4.26.tgz",
      "integrity": "sha512-4CWbR5vR9fMg23YqFOhr6t6WB1Fjt62d6xdFPyj8pxrYub7d+OgZaObMsoxaF9yBUHPMiPFK303v61PwAuGvZA==",
      "peer": true,
      "dependencies": {
        "@vue/compiler-core": "3.4.26",
        "@vue/shared": "3.4.26"
      }
    },
    "node_modules/@vue/compiler-sfc": {
      "version": "3.4.26",
      "resolved": "https://registry.npmjs.org/@vue/compiler-sfc/-/compiler-sfc-3.4.26.tgz",
      "integrity": "sha512-It1dp+FAOCgluYSVYlDn5DtZBxk1NCiJJfu2mlQqa/b+k8GL6NG/3/zRbJnHdhV2VhxFghaDq5L4K+1dakW6cw==",
      "peer": true,
      "dependencies": {
        "@babel/parser": "^7.24.4",
        "@vue/compiler-core": "3.4.26",
        "@vue/compiler-dom": "3.4.26",
        "@vue/compiler-ssr": "3.4.26",
        "@vue/shared": "3.4.26",
        "estree-walker": "^2.0.2",
        "magic-string": "^0.30.10",
        "postcss": "^8.4.38",
        "source-map-js": "^1.2.0"
      }
    },
    "node_modules/@vue/compiler-ssr": {
      "version": "3.4.26",
      "resolved": "https://registry.npmjs.org/@vue/compiler-ssr/-/compiler-ssr-3.4.26.tgz",
      "integrity": "sha512-FNwLfk7LlEPRY/g+nw2VqiDKcnDTVdCfBREekF8X74cPLiWHUX6oldktf/Vx28yh4STNy7t+/yuLoMBBF7YDiQ==",
      "peer": true,
      "dependencies": {
        "@vue/compiler-dom": "3.4.26",
        "@vue/shared": "3.4.26"
      }
    },
    "node_modules/@vue/reactivity": {
      "version": "3.4.26",
      "resolved": "https://registry.npmjs.org/@vue/reactivity/-/reactivity-3.4.26.tgz",
      "integrity": "sha512-E/ynEAu/pw0yotJeLdvZEsp5Olmxt+9/WqzvKff0gE67tw73gmbx6tRkiagE/eH0UCubzSlGRebCbidB1CpqZQ==",
      "peer": true,
      "dependencies": {
        "@vue/shared": "3.4.26"
      }
    },
    "node_modules/@vue/runtime-core": {
      "version": "3.4.26",
      "resolved": "https://registry.npmjs.org/@vue/runtime-core/-/runtime-core-3.4.26.tgz",
      "integrity": "sha512-AFJDLpZvhT4ujUgZSIL9pdNcO23qVFh7zWCsNdGQBw8ecLNxOOnPcK9wTTIYCmBJnuPHpukOwo62a2PPivihqw==",
      "peer": true,
      "dependencies": {
        "@vue/reactivity": "3.4.26",
        "@vue/shared": "3.4.26"
      }
    },
    "node_modules/@vue/runtime-dom": {
      "version": "3.4.26",
      "resolved": "https://registry.npmjs.org/@vue/runtime-dom/-/runtime-dom-3.4.26.tgz",
      "integrity": "sha512-UftYA2hUXR2UOZD/Fc3IndZuCOOJgFxJsWOxDkhfVcwLbsfh2CdXE2tG4jWxBZuDAs9J9PzRTUFt1PgydEtItw==",
      "peer": true,
      "dependencies": {
        "@vue/runtime-core": "3.4.26",
        "@vue/shared": "3.4.26",
        "csstype": "^3.1.3"
      }
    },
    "node_modules/@vue/server-renderer": {
      "version": "3.4.26",
      "resolved": "https://registry.npmjs.org/@vue/server-renderer/-/server-renderer-3.4.26.tgz",
      "integrity": "sha512-xoGAqSjYDPGAeRWxeoYwqJFD/gw7mpgzOvSxEmjWaFO2rE6qpbD1PC172YRpvKhrihkyHJkNDADFXTfCyVGhKw==",
      "peer": true,
      "dependencies": {
        "@vue/compiler-ssr": "3.4.26",
        "@vue/shared": "3.4.26"
      },
      "peerDependencies": {
        "vue": "3.4.26"
      }
    },
    "node_modules/@vue/shared": {
      "version": "3.4.26",
      "resolved": "https://registry.npmjs.org/@vue/shared/-/shared-3.4.26.tgz",
      "integrity": "sha512-Fg4zwR0GNnjzodMt3KRy2AWGMKQXByl56+4HjN87soxLNU9P5xcJkstAlIeEF3cU6UYOzmJl1tV0dVPGIljCnQ==",
      "peer": true
    },
    "node_modules/csstype": {
      "version": "3.1.3",
      "resolved": "https://registry.npmjs.org/csstype/-/csstype-3.1.3.tgz",
      "integrity": "sha512-M1uQkMl8rQK/szD0LNhtqxIPLpimGm8sOBwU7lLnCpSbTyY3yeU1Vc7l4KT5zT4s/yOxHH5O7tIuuLOCnLADRw==",
      "peer": true
    },
    "node_modules/dayjs": {
      "version": "1.11.11",
      "resolved": "https://registry.npmjs.org/dayjs/-/dayjs-1.11.11.tgz",
      "integrity": "sha512-okzr3f11N6WuqYtZSvm+F776mB41wRZMhKP+hc34YdW+KmtYYK9iqvHSwo2k9FEH3fhGXvOPV6yz2IcSrfRUDg=="
    },
    "node_modules/decimal.js": {
      "version": "10.4.3",
      "resolved": "https://registry.npmjs.org/decimal.js/-/decimal.js-10.4.3.tgz",
      "integrity": "sha512-VBBaLc1MgL5XpzgIP7ny5Z6Nx3UrRkIViUkPUdtl9aya5amy3De1gsUUSB1g3+3sExYNjCAsAznmukyxCb1GRA=="
    },
    "node_modules/entities": {
      "version": "4.5.0",
      "resolved": "https://registry.npmjs.org/entities/-/entities-4.5.0.tgz",
      "integrity": "sha512-V0hjH4dGPh9Ao5p0MoRY6BVqtwCjhz6vI5LT8AJ55H+4g9/4vbHx1I54fS0XuclLhDHArPQCiMjDxjaL8fPxhw==",
      "peer": true,
      "engines": {
        "node": ">=0.12"
      },
      "funding": {
        "url": "https://github.com/fb55/entities?sponsor=1"
      }
    },
    "node_modules/estree-walker": {
      "version": "2.0.2",
      "resolved": "https://registry.npmjs.org/estree-walker/-/estree-walker-2.0.2.tgz",
      "integrity": "sha512-Rfkk/Mp/DL7JVje3u18FxFujQlTNR2q6QfMSMB7AvCBx91NGj/ba3kCfza0f6dVDbw7YlRf/nDrn7pQrCCyQ/w==",
      "peer": true
    },
    "node_modules/magic-string": {
      "version": "0.30.10",
      "resolved": "https://registry.npmjs.org/magic-string/-/magic-string-0.30.10.tgz",
      "integrity": "sha512-iIRwTIf0QKV3UAnYK4PU8uiEc4SRh5jX0mwpIwETPpHdhVM4f53RSwS/vXvN1JhGX+Cs7B8qIq3d6AH49O5fAQ==",
      "peer": true,
      "dependencies": {
        "@jridgewell/sourcemap-codec": "^1.4.15"
      }
    },
    "node_modules/nanoid": {
      "version": "3.3.7",
      "resolved": "https://registry.npmjs.org/nanoid/-/nanoid-3.3.7.tgz",
      "integrity": "sha512-eSRppjcPIatRIMC1U6UngP8XFcz8MQWGQdt1MTBQ7NaAmvXDfvNxbvWV3x2y6CdEUciCSsDHDQZbhYaB8QEo2g==",
      "funding": [
        {
          "type": "github",
          "url": "https://github.com/sponsors/ai"
        }
      ],
      "peer": true,
      "bin": {
        "nanoid": "bin/nanoid.cjs"
      },
      "engines": {
        "node": "^10 || ^12 || ^13.7 || ^14 || >=15.0.1"
      }
    },
    "node_modules/picocolors": {
      "version": "1.0.0",
      "resolved": "https://registry.npmjs.org/picocolors/-/picocolors-1.0.0.tgz",
      "integrity": "sha512-1fygroTLlHu66zi26VoTDv8yRgm0Fccecssto+MhsZ0D/DGW2sm8E8AjW7NU5VVTRt5GxbeZ5qBuJr+HyLYkjQ==",
      "peer": true
    },
    "node_modules/postcss": {
      "version": "8.4.38",
      "resolved": "https://registry.npmjs.org/postcss/-/postcss-8.4.38.tgz",
      "integrity": "sha512-Wglpdk03BSfXkHoQa3b/oulrotAkwrlLDRSOb9D0bN86FdRyE9lppSp33aHNPgBa0JKCoB+drFLZkQoRRYae5A==",
      "funding": [
        {
          "type": "opencollective",
          "url": "https://opencollective.com/postcss/"
        },
        {
          "type": "tidelift",
          "url": "https://tidelift.com/funding/github/npm/postcss"
        },
        {
          "type": "github",
          "url": "https://github.com/sponsors/ai"
        }
      ],
      "peer": true,
      "dependencies": {
        "nanoid": "^3.3.7",
        "picocolors": "^1.0.0",
        "source-map-js": "^1.2.0"
      },
      "engines": {
        "node": "^10 || ^12 || >=14"
      }
    },
    "node_modules/source-map-js": {
      "version": "1.2.0",
      "resolved": "https://registry.npmjs.org/source-map-js/-/source-map-js-1.2.0.tgz",
      "integrity": "sha512-itJW8lvSA0TXEphiRoawsCksnlf8SyvmFzIhltqAHluXd88pkCd+cXJVHTDwdCr0IzwptSm035IHQktUu1QUMg==",
      "peer": true,
      "engines": {
        "node": ">=0.10.0"
      }
    },
    "node_modules/vue": {
      "version": "3.4.26",
      "resolved": "https://registry.npmjs.org/vue/-/vue-3.4.26.tgz",
      "integrity": "sha512-bUIq/p+VB+0xrJubaemrfhk1/FiW9iX+pDV+62I/XJ6EkspAO9/DXEjbDFoe8pIfOZBqfk45i9BMc41ptP/uRg==",
      "peer": true,
      "dependencies": {
        "@vue/compiler-dom": "3.4.26",
        "@vue/compiler-sfc": "3.4.26",
        "@vue/runtime-dom": "3.4.26",
        "@vue/server-renderer": "3.4.26",
        "@vue/shared": "3.4.26"
      },
      "peerDependencies": {
        "typescript": "*"
      },
      "peerDependenciesMeta": {
        "typescript": {
          "optional": true
        }
      }
    }
  }
}
